
Microsoft Visual Studio Solution File, Format Version 12.00
# Visual Studio Version 17
VisualStudioVersion = 17.11.35222.181
MinimumVisualStudioVersion = 10.0.40219.1
Project("{FAE04EC0-301F-11D3-BF4B-00C04F79EFBC}") = "Komplex - Datorn gissar talet", "Komplex - Datorn gissar talet\Komplex - Datorn gissar talet.csproj", "{7F7EB523-299A-436D-825D-6903DE38C33A}"
EndProject
Global
	GlobalSection(SolutionConfigurationPlatforms) = preSolution
		Debug|Any CPU = Debug|Any CPU
		Release|Any CPU = Release|Any CPU
	EndGlobalSection
	GlobalSection(ProjectConfigurationPlatforms) = postSolution
		{7F7EB523-299A-436D-825D-6903DE38C33A}.Debug|Any CPU.ActiveCfg = Debug|Any CPU
		{7F7EB523-299A-436D-825D-6903DE38C33A}.Debug|Any CPU.Build.0 = Debug|Any CPU
		{7F7EB523-299A-436D-825D-6903DE38C33A}.Release|Any CPU.ActiveCfg = Release|Any CPU
		{7F7EB523-299A-436D-825D-6903DE38C33A}.Release|Any CPU.Build.0 = Release|Any CPU
	EndGlobalSection
	GlobalSection(SolutionProperties) = preSolution
		HideSolutionNode = FALSE
	EndGlobalSection
	GlobalSection(ExtensibilityGlobals) = postSolution
		SolutionGuid = {5EE5658C-A2B7-4CA2-B4F0-D7348594951D}
	EndGlobalSection
EndGlobal
